{
	"name": "tram-lite-calculator",
	"lockfileVersion": 3,
	"requires": true,
	"packages": {
		"": {
			"dependencies": {
				"tram-lite": "^2.4.0"
			}
		},
		"node_modules/tram-lite": {
			"version": "2.4.0",
			"resolved": "https://registry.npmjs.org/tram-lite/-/tram-lite-2.4.0.tgz",
			"integrity": "sha512-9DHKyF8q9OOG5SWBhtV0dlJbN2i4xCyl3lcsXSjZVdUUI/KPWpZ19urWTH2dV1L9HUMo2TKYJN0Yhvq1dxr9tw=="
		}
	}
}
